// !$*UTF8*$!
{
	archiveVersion = 1;
	classes = {
	};
	objectVersion = 50;
	objects = {

/* Begin PBXBuildFile section */
		A1505A7325E1937600DB4634 /* AppDelegate.swift in Sources */ = {isa = PBXBuildFile; fileRef = A1505A7225E1937600DB4634 /* AppDelegate.swift */; };
		A1505A7525E1937600DB4634 /* SceneDelegate.swift in Sources */ = {isa = PBXBuildFile; fileRef = A1505A7425E1937600DB4634 /* SceneDelegate.swift */; };
		A1505A7725E1937600DB4634 /* ViewController.swift in Sources */ = {isa = PBXBuildFile; fileRef = A1505A7625E1937600DB4634 /* ViewController.swift */; };
		A1505A7A25E1937600DB4634 /* Main.storyboard in Resources */ = {isa = PBXBuildFile; fileRef = A1505A7825E1937600DB4634 /* Main.storyboard */; };
		A1505A7C25E1937700DB4634 /* Assets.xcassets in Resources */ = {isa = PBXBuildFile; fileRef = A1505A7B25E1937700DB4634 /* Assets.xcassets */; };
		A1505A7F25E1937700DB4634 /* LaunchScreen.storyboard in Resources */ = {isa = PBXBuildFile; fileRef = A1505A7D25E1937700DB4634 /* LaunchScreen.storyboard */; };
		A1505A8A25E1937700DB4634 /* CodePathFlashcardAppTests.swift in Sources */ = {isa = PBXBuildFile; fileRef = A1505A8925E1937700DB4634 /* CodePathFlashcardAppTests.swift */; };
		A1505A9525E1937700DB4634 /* CodePathFlashcardAppUITests.swift in Sources */ = {isa = PBXBuildFile; fileRef = A1505A9425E1937700DB4634 /* CodePathFlashcardAppUITests.swift */; };
/* End PBXBuildFile section */

/* Begin PBXContainerItemProxy section */
		A1505A8625E1937700DB4634 /* PBXContainerItemProxy */ = {
			isa = PBXContainerItemProxy;
			containerPortal = A1505A6725E1937600DB4634 /* Project object */;
			proxyType = 1;
			remoteGlobalIDString = A1505A6E25E1937600DB4634;
			remoteInfo = CodePathFlashcardApp;
		};
		A1505A9125E1937700DB4634 /* PBXContainerItemProxy */ = {
			isa = PBXContainerItemProxy;
			containerPortal = A1505A6725E1937600DB4634 /* Project object */;
			proxyType = 1;
			remoteGlobalIDString = A1505A6E25E1937600DB4634;
			remoteInfo = CodePathFlashcardApp;
		};
/* End PBXContainerItemProxy section */

/* Begin PBXFileReference section */
		A1505A6F25E1937600DB4634 /* CodePathFlashcardApp.app */ = {isa = PBXFileReference; explicitFileType = wrapper.application; includeInIndex = 0; path = CodePathFlashcardApp.app; sourceTree = BUILT_PRODUCTS_DIR; };
		A1505A7225E1937600DB4634 /* AppDelegate.swift */ = {isa = PBXFileReference; lastKnownFileType = sourcecode.swift; path = AppDelegate.swift; sourceTree = "<group>"; };
		A1505A7425E1937600DB4634 /* SceneDelegate.swift */ = {isa = PBXFileReference; lastKnownFileType = sourcecode.swift; path = SceneDelegate.swift; sourceTree = "<group>"; };
		A1505A7625E1937600DB4634 /* ViewController.swift */ = {isa = PBXFileReference; lastKnownFileType = sourcecode.swift; path = ViewController.swift; sourceTree = "<group>"; };
		A1505A7925E1937600DB4634 /* Base */ = {isa = PBXFileReference; lastKnownFileType = file.storyboard; name = Base; path = Base.lproj/Main.storyboard; sourceTree = "<group>"; };
		A1505A7B25E1937700DB4634 /* Assets.xcassets */ = {isa = PBXFileReference; lastKnownFileType = folder.assetcatalog; path = Assets.xcassets; sourceTree = "<group>"; };
		A1505A7E25E1937700DB4634 /* Base */ = {isa = PBXFileReference; lastKnownFileType = file.storyboard; name = Base; path = Base.lproj/LaunchScreen.storyboard; sourceTree = "<group>"; };
		A1505A8025E1937700DB4634 /* Info.plist */ = {isa = PBXFileReference; lastKnownFileType = text.plist.xml; path = Info.plist; sourceTree = "<group>"; };
		A1505A8525E1937700DB4634 /* CodePathFlashcardAppTests.xctest */ = {isa = PBXFileReference; explicitFileType = wrapper.cfbundle; includeInIndex = 0; path = CodePathFlashcardAppTests.xctest; sourceTree = BUILT_PRODUCTS_DIR; };
		A1505A8925E1937700DB4634 /* CodePathFlashcardAppTests.swift */ = {isa = PBXFileReference; lastKnownFileType = sourcecode.swift; path = CodePathFlashcardAppTests.swift; sourceTree = "<group>"; };
		A1505A8B25E1937700DB4634 /* Info.plist */ = {isa = PBXFileReference; lastKnownFileType = text.plist.xml; path = Info.plist; sourceTree = "<group>"; };
		A1505A9025E1937700DB4634 /* CodePathFlashcardAppUITests.xctest */ = {isa = PBXFileReference; explicitFileType = wrapper.cfbundle; includeInIndex = 0; path = CodePathFlashcardAppUITests.xctest; sourceTree = BUILT_PRODUCTS_DIR; };
		A1505A9425E1937700DB4634 /* CodePathFlashcardAppUITests.swift */ = {isa = PBXFileReference; lastKnownFileType = sourcecode.swift; path = CodePathFlashcardAppUITests.swift; sourceTree = "<group>"; };
		A1505A9625E1937700DB4634 /* Info.plist */ = {isa = PBXFileReference; lastKnownFileType = text.plist.xml; path = Info.plist; sourceTree = "<group>"; };
/* End PBXFileReference section */

/* Begin PBXFrameworksBuildPhase section */
		A1505A6C25E1937600DB4634 /* Frameworks */ = {
			isa = PBXFrameworksBuildPhase;
			buildActionMask = 2147483647;
			files = (
			);
			runOnlyForDeploymentPostprocessing = 0;
		};
		A1505A8225E1937700DB4634 /* Frameworks */ = {
			isa = PBXFrameworksBuildPhase;
			buildActionMask = 2147483647;
			files = (
			);
			runOnlyForDeploymentPostprocessing = 0;
		};
		A1505A8D25E1937700DB4634 /* Frameworks */ = {
			isa = PBXFrameworksBuildPhase;
			buildActionMask = 2147483647;
			files = (
			);
			runOnlyForDeploymentPostprocessing = 0;
		};
/* End PBXFrameworksBuildPhase section */

/* Begin PBXGroup section */
		A1505A6625E1937600DB4634 = {
			isa = PBXGroup;
			children = (
				A1505A7125E1937600DB4634 /* CodePathFlashcardApp */,
				A1505A8825E1937700DB4634 /* CodePathFlashcardAppTests */,
				A1505A9325E1937700DB4634 /* CodePathFlashcardAppUITests */,
				A1505A7025E1937600DB4634 /* Products */,
			);
			sourceTree = "<group>";
		};
		A1505A7025E1937600DB4634 /* Products */ = {
			isa = PBXGroup;
			children = (
				A1505A6F25E1937600DB4634 /* CodePathFlashcardApp.app */,
				A1505A8525E1937700DB4634 /* CodePathFlashcardAppTests.xctest */,
				A1505A9025E1937700DB4634 /* CodePathFlashcardAppUITests.xctest */,
			);
			name = Products;
			sourceTree = "<group>";
		};
		A1505A7125E1937600DB4634 /* CodePathFlashcardApp */ = {
			isa = PBXGroup;
			children = (
				A1505A7225E1937600DB4634 /* AppDelegate.swift */,
				A1505A7425E1937600DB4634 /* SceneDelegate.swift */,
				A1505A7625E1937600DB4634 /* ViewController.swift */,
				A1505A7825E1937600DB4634 /* Main.storyboard */,
				A1505A7B25E1937700DB4634 /* Assets.xcassets */,
				A1505A7D25E1937700DB4634 /* LaunchScreen.storyboard */,
				A1505A8025E1937700DB4634 /* Info.plist */,
			);
			path = CodePathFlashcardApp;
			sourceTree = "<group>";
		};
		A1505A8825E1937700DB4634 /* CodePathFlashcardAppTests */ = {
			isa = PBXGroup;
			children = (
				A1505A8925E1937700DB4634 /* CodePathFlashcardAppTests.swift */,
				A1505A8B25E1937700DB4634 /* Info.plist */,
			);
			path = CodePathFlashcardAppTests;
			sourceTree = "<group>";
		};
		A1505A9325E1937700DB4634 /* CodePathFlashcardAppUITests */ = {
			isa = PBXGroup;
			children = (
				A1505A9425E1937700DB4634 /* CodePathFlashcardAppUITests.swift */,
				A1505A9625E1937700DB4634 /* Info.plist */,
			);
			path = CodePathFlashcardAppUITests;
			sourceTree = "<group>";
		};
/* End PBXGroup section */

/* Begin PBXNativeTarget section */
		A1505A6E25E1937600DB4634 /* CodePathFlashcardApp */ = {
			isa = PBXNativeTarget;
			buildConfigurationList = A1505A9925E1937700DB4634 /* Build configuration list for PBXNativeTarget "CodePathFlashcardApp" */;
			buildPhases = (
				A1505A6B25E1937600DB4634 /* Sources */,
				A1505A6C25E1937600DB4634 /* Frameworks */,
				A1505A6D25E1937600DB4634 /* Resources */,
			);
			buildRules = (
			);
			dependencies = (
			);
			name = CodePathFlashcardApp;
			productName = CodePathFlashcardApp;
			productReference = A1505A6F25E1937600DB4634 /* CodePathFlashcardApp.app */;
			productType = "com.apple.product-type.application";
		};
		A1505A8425E1937700DB4634 /* CodePathFlashcardAppTests */ = {
			isa = PBXNativeTarget;
			buildConfigurationList = A1505A9C25E1937700DB4634 /* Build configuration list for PBXNativeTarget "CodePathFlashcardAppTests" */;
			buildPhases = (
				A1505A8125E1937700DB4634 /* Sources */,
				A1505A8225E1937700DB4634 /* Frameworks */,
				A1505A8325E1937700DB4634 /* Resources */,
			);
			buildRules = (
			);
			dependencies = (
				A1505A8725E1937700DB4634 /* PBXTargetDependency */,
			);
			name = CodePathFlashcardAppTests;
			productName = CodePathFlashcardAppTests;
			productReference = A1505A8525E1937700DB4634 /* CodePathFlashcardAppTests.xctest */;
			productType = "com.apple.product-type.bundle.unit-test";
		};
		A1505A8F25E1937700DB4634 /* CodePathFlashcardAppUITests */ = {
			isa = PBXNativeTarget;
			buildConfigurationList = A1505A9F25E1937700DB4634 /* Build configuration list for PBXNativeTarget "CodePathFlashcardAppUITests" */;
			buildPhases = (
				A1505A8C25E1937700DB4634 /* Sources */,
				A1505A8D25E1937700DB4634 /* Frameworks */,
				A1505A8E25E1937700DB4634 /* Resources */,
			);
			buildRules = (
			);
			dependencies = (
				A1505A9225E1937700DB4634 /* PBXTargetDependency */,
			);
			name = CodePathFlashcardAppUITests;
			productName = CodePathFlashcardAppUITests;
			productReference = A1505A9025E1937700DB4634 /* CodePathFlashcardAppUITests.xctest */;
			productType = "com.apple.product-type.bundle.ui-testing";
		};
/* End PBXNativeTarget section */

/* Begin PBXProject section */
		A1505A6725E1937600DB4634 /* Project object */ = {
			isa = PBXProject;
			attributes = {
				LastSwiftUpdateCheck = 1230;
				LastUpgradeCheck = 1230;
				TargetAttributes = {
					A1505A6E25E1937600DB4634 = {
						CreatedOnToolsVersion = 12.3;
					};
					A1505A8425E1937700DB4634 = {
						CreatedOnToolsVersion = 12.3;
						TestTargetID = A1505A6E25E1937600DB4634;
					};
					A1505A8F25E1937700DB4634 = {
						CreatedOnToolsVersion = 12.3;
						TestTargetID = A1505A6E25E1937600DB4634;
					};
				};
			};
			buildConfigurationList = A1505A6A25E1937600DB4634 /* Build configuration list for PBXProject "CodePathFlashcardApp" */;
			compatibilityVersion = "Xcode 9.3";
			developmentRegion = en;
			hasScannedForEncodings = 0;
			knownRegions = (
				en,
				Base,
			);
			mainGroup = A1505A6625E1937600DB4634;
			productRefGroup = A1505A7025E1937600DB4634 /* Products */;
			projectDirPath = "";
			projectRoot = "";
			targets = (
				A1505A6E25E1937600DB4634 /* CodePathFlashcardApp */,
				A1505A8425E1937700DB4634 /* CodePathFlashcardAppTests */,
				A1505A8F25E1937700DB4634 /* CodePathFlashcardAppUITests */,
			);
		};
/* End PBXProject section */

/* Begin PBXResourcesBuildPhase section */
		A1505A6D25E1937600DB4634 /* Resources */ = {
			isa = PBXResourcesBuildPhase;
			buildActionMask = 2147483647;
			files = (
				A1505A7F25E1937700DB4634 /* LaunchScreen.storyboard in Resources */,
				A1505A7C25E1937700DB4634 /* Assets.xcassets in Resources */,
				A1505A7A25E1937600DB4634 /* Main.storyboard in Resources */,
			);
			runOnlyForDeploymentPostprocessing = 0;
		};
		A1505A8325E1937700DB4634 /* Resources */ = {
			isa = PBXResourcesBuildPhase;
			buildActionMask = 2147483647;
			files = (
			);
			runOnlyForDeploymentPostprocessing = 0;
		};
		A1505A8E25E1937700DB4634 /* Resources */ = {
			isa = PBXResourcesBuildPhase;
			buildActionMask = 2147483647;
			files = (
			);
			runOnlyForDeploymentPostprocessing = 0;
		};
/* End PBXResourcesBuildPhase section */

/* Begin PBXSourcesBuildPhase section */
		A1505A6B25E1937600DB4634 /* Sources */ = {
			isa = PBXSourcesBuildPhase;
			buildActionMask = 2147483647;
			files = (
				A1505A7725E1937600DB4634 /* ViewController.swift in Sources */,
				A1505A7325E1937600DB4634 /* AppDelegate.swift in Sources */,
				A1505A7525E1937600DB4634 /* SceneDelegate.swift in Sources */,
			);
			runOnlyForDeploymentPostprocessing = 0;
		};
		A1505A8125E1937700DB4634 /* Sources */ = {
			isa = PBXSourcesBuildPhase;
			buildActionMask = 2147483647;
			files = (
				A1505A8A25E1937700DB4634 /* CodePathFlashcardAppTests.swift in Sources */,
			);
			runOnlyForDeploymentPostprocessing = 0;
		};
		A1505A8C25E1937700DB4634 /* Sources */ = {
			isa = PBXSourcesBuildPhase;
			buildActionMask = 2147483647;
			files = (
				A1505A9525E1937700DB4634 /* CodePathFlashcardAppUITests.swift in Sources */,
			);
			runOnlyForDeploymentPostprocessing = 0;
		};
/* End PBXSourcesBuildPhase section */

/* Begin PBXTargetDependency section */
		A1505A8725E1937700DB4634 /* PBXTargetDependency */ = {
			isa = PBXTargetDependency;
			target = A1505A6E25E1937600DB4634 /* CodePathFlashcardApp */;
			targetProxy = A1505A8625E1937700DB4634 /* PBXContainerItemProxy */;
		};
		A1505A9225E1937700DB4634 /* PBXTargetDependency */ = {
			isa = PBXTargetDependency;
			target = A1505A6E25E1937600DB4634 /* CodePathFlashcardApp */;
			targetProxy = A1505A9125E1937700DB4634 /* PBXContainerItemProxy */;
		};
/* End PBXTargetDependency section */

/* Begin PBXVariantGroup section */
		A1505A7825E1937600DB4634 /* Main.storyboard */ = {
			isa = PBXVariantGroup;
			children = (
				A1505A7925E1937600DB4634 /* Base */,
			);
			name = Main.storyboard;
			sourceTree = "<group>";
		};
		A1505A7D25E1937700DB4634 /* LaunchScreen.storyboard */ = {
			isa = PBXVariantGroup;
			children = (
				A1505A7E25E1937700DB4634 /* Base */,
			);
			name = LaunchScreen.storyboard;
			sourceTree = "<group>";
		};
/* End PBXVariantGroup section */

/* Begin XCBuildConfiguration section */
		A1505A9725E1937700DB4634 /* Debug */ = {
			isa = XCBuildConfiguration;
			buildSettings = {
				ALWAYS_SEARCH_USER_PATHS = NO;
				CLANG_ANALYZER_NONNULL = YES;
				CLANG_ANALYZER_NUMBER_OBJECT_CONVERSION = YES_AGGRESSIVE;
				CLANG_CXX_LANGUAGE_STANDARD = "gnu++14";
				CLANG_CXX_LIBRARY = "libc++";
				CLANG_ENABLE_MODULES = YES;
				CLANG_ENABLE_OBJC_ARC = YES;
				CLANG_ENABLE_OBJC_WEAK = YES;
				CLANG_WARN_BLOCK_CAPTURE_AUTORELEASING = YES;
				CLANG_WARN_BOOL_CONVERSION = YES;
				CLANG_WARN_COMMA = YES;
				CLANG_WARN_CONSTANT_CONVERSION = YES;
				CLANG_WARN_DEPRECATED_OBJC_IMPLEMENTATIONS = YES;
				CLANG_WARN_DIRECT_OBJC_ISA_USAGE = YES_ERROR;
				CLANG_WARN_DOCUMENTATION_COMMENTS = YES;
				CLANG_WARN_EMPTY_BODY = YES;
				CLANG_WARN_ENUM_CONVERSION = YES;
				CLANG_WARN_INFINITE_RECURSION = YES;
				CLANG_WARN_INT_CONVERSION = YES;
				CLANG_WARN_NON_LITERAL_NULL_CONVERSION = YES;
				CLANG_WARN_OBJC_IMPLICIT_RETAIN_SELF = YES;
				CLANG_WARN_OBJC_LITERAL_CONVERSION = YES;
				CLANG_WARN_OBJC_ROOT_CLASS = YES_ERROR;
				CLANG_WARN_QUOTED_INCLUDE_IN_FRAMEWORK_HEADER = YES;
				CLANG_WARN_RANGE_LOOP_ANALYSIS = YES;
				CLANG_WARN_STRICT_PROTOTYPES = YES;
				CLANG_WARN_SUSPICIOUS_MOVE = YES;
				CLANG_WARN_UNGUARDED_AVAILABILITY = YES_AGGRESSIVE;
				CLANG_WARN_UNREACHABLE_CODE = YES;
				CLANG_WARN__DUPLICATE_METHOD_MATCH = YES;
				COPY_PHASE_STRIP = NO;
				DEBUG_INFORMATION_FORMAT = dwarf;
				ENABLE_STRICT_OBJC_MSGSEND = YES;
				ENABLE_TESTABILITY = YES;
				GCC_C_LANGUAGE_STANDARD = gnu11;
				GCC_DYNAMIC_NO_PIC = NO;
				GCC_NO_COMMON_BLOCKS = YES;
				GCC_OPTIMIZATION_LEVEL = 0;
				GCC_PREPROCESSOR_DEFINITIONS = (
					"DEBUG=1",
					"$(inherited)",
				);
				GCC_WARN_64_TO_32_BIT_CONVERSION = YES;
				GCC_WARN_ABOUT_RETURN_TYPE = YES_ERROR;
				GCC_WARN_UNDECLARED_SELECTOR = YES;
				GCC_WARN_UNINITIALIZED_AUTOS = YES_AGGRESSIVE;
				GCC_WARN_UNUSED_FUNCTION = YES;
				GCC_WARN_UNUSED_VARIABLE = YES;
				IPHONEOS_DEPLOYMENT_TARGET = 14.3;
				MTL_ENABLE_DEBUG_INFO = INCLUDE_SOURCE;
				MTL_FAST_MATH = YES;
				ONLY_ACTIVE_ARCH = YES;
				SDKROOT = iphoneos;
				SWIFT_ACTIVE_COMPILATION_CONDITIONS = DEBUG;
				SWIFT_OPTIMIZATION_LEVEL = "-Onone";
			};
			name = Debug;
		};
		A1505A9825E1937700DB4634 /* Release */ = {
			isa = XCBuildConfiguration;
			buildSettings = {
				ALWAYS_SEARCH_USER_PATHS = NO;
				CLANG_ANALYZER_NONNULL = YES;
				CLANG_ANALYZER_NUMBER_OBJECT_CONVERSION = YES_AGGRESSIVE;
				CLANG_CXX_LANGUAGE_STANDARD = "gnu++14";
				CLANG_CXX_LIBRARY = "libc++";
				CLANG_ENABLE_MODULES = YES;
				CLANG_ENABLE_OBJC_ARC = YES;
				CLANG_ENABLE_OBJC_WEAK = YES;
				CLANG_WARN_BLOCK_CAPTURE_AUTORELEASING = YES;
				CLANG_WARN_BOOL_CONVERSION = YES;
				CLANG_WARN_COMMA = YES;
				CLANG_WARN_CONSTANT_CONVERSION = YES;
				CLANG_WARN_DEPRECATED_OBJC_IMPLEMENTATIONS = YES;
				CLANG_WARN_DIRECT_OBJC_ISA_USAGE = YES_ERROR;
				CLANG_WARN_DOCUMENTATION_COMMENTS = YES;
				CLANG_WARN_EMPTY_BODY = YES;
				CLANG_WARN_ENUM_CONVERSION = YES;
				CLANG_WARN_INFINITE_RECURSION = YES;
				CLANG_WARN_INT_CONVERSION = YES;
				CLANG_WARN_NON_LITERAL_NULL_CONVERSION = YES;
				CLANG_WARN_OBJC_IMPLICIT_RETAIN_SELF = YES;
				CLANG_WARN_OBJC_LITERAL_CONVERSION = YES;
				CLANG_WARN_OBJC_ROOT_CLASS = YES_ERROR;
				CLANG_WARN_QUOTED_INCLUDE_IN_FRAMEWORK_HEADER = YES;
				CLANG_WARN_RANGE_LOOP_ANALYSIS = YES;
				CLANG_WARN_STRICT_PROTOTYPES = YES;
				CLANG_WARN_SUSPICIOUS_MOVE = YES;
				CLANG_WARN_UNGUARDED_AVAILABILITY = YES_AGGRESSIVE;
				CLANG_WARN_UNREACHABLE_CODE = YES;
				CLANG_WARN__DUPLICATE_METHOD_MATCH = YES;
				COPY_PHASE_STRIP = NO;
				DEBUG_INFORMATION_FORMAT = "dwarf-with-dsym";
				ENABLE_NS_ASSERTIONS = NO;
				ENABLE_STRICT_OBJC_MSGSEND = YES;
				GCC_C_LANGUAGE_STANDARD = gnu11;
				GCC_NO_COMMON_BLOCKS = YES;
				GCC_WARN_64_TO_32_BIT_CONVERSION = YES;
				GCC_WARN_ABOUT_RETURN_TYPE = YES_ERROR;
				GCC_WARN_UNDECLARED_SELECTOR = YES;
				GCC_WARN_UNINITIALIZED_AUTOS = YES_AGGRESSIVE;
				GCC_WARN_UNUSED_FUNCTION = YES;
				GCC_WARN_UNUSED_VARIABLE = YES;
				IPHONEOS_DEPLOYMENT_TARGET = 14.3;
				MTL_ENABLE_DEBUG_INFO = NO;
				MTL_FAST_MATH = YES;
				SDKROOT = iphoneos;
				SWIFT_COMPILATION_MODE = wholemodule;
				SWIFT_OPTIMIZATION_LEVEL = "-O";
				VALIDATE_PRODUCT = YES;
			};
			name = Release;
		};
		A1505A9A25E1937700DB4634 /* Debug */ = {
			isa = XCBuildConfiguration;
			buildSettings = {
				ASSETCATALOG_COMPILER_APPICON_NAME = AppIcon;
				ASSETCATALOG_COMPILER_GLOBAL_ACCENT_COLOR_NAME = AccentColor;
				CODE_SIGN_STYLE = Automatic;
				DEVELOPMENT_TEAM = "";
				INFOPLIST_FILE = CodePathFlashcardApp/Info.plist;
				LD_RUNPATH_SEARCH_PATHS = (
					"$(inherited)",
					"@executable_path/Frameworks",
				);
				PRODUCT_BUNDLE_IDENTIFIER = com.juliana.CodePathFlashcardApp;
				PRODUCT_NAME = "$(TARGET_NAME)";
				SWIFT_VERSION = 5.0;
				TARGETED_DEVICE_FAMILY = "1,2";
			};
			name = Debug;
		};
		A1505A9B25E1937700DB4634 /* Release */ = {
			isa = XCBuildConfiguration;
			buildSettings = {
				ASSETCATALOG_COMPILER_APPICON_NAME = AppIcon;
				ASSETCATALOG_COMPILER_GLOBAL_ACCENT_COLOR_NAME = AccentColor;
				CODE_SIGN_STYLE = Automatic;
				DEVELOPMENT_TEAM = "";
				INFOPLIST_FILE = CodePathFlashcardApp/Info.plist;
				LD_RUNPATH_SEARCH_PATHS = (
					"$(inherited)",
					"@executable_path/Frameworks",
				);
				PRODUCT_BUNDLE_IDENTIFIER = com.juliana.CodePathFlashcardApp;
				PRODUCT_NAME = "$(TARGET_NAME)";
				SWIFT_VERSION = 5.0;
				TARGETED_DEVICE_FAMILY = "1,2";
			};
			name = Release;
		};
		A1505A9D25E1937700DB4634 /* Debug */ = {
			isa = XCBuildConfiguration;
			buildSettings = {
				ALWAYS_EMBED_SWIFT_STANDARD_LIBRARIES = YES;
				BUNDLE_LOADER = "$(TEST_HOST)";
				CODE_SIGN_STYLE = Automatic;
				INFOPLIST_FILE = CodePathFlashcardAppTests/Info.plist;
				IPHONEOS_DEPLOYMENT_TARGET = 14.3;
				LD_RUNPATH_SEARCH_PATHS = (
					"$(inherited)",
					"@executable_path/Frameworks",
					"@loader_path/Frameworks",
				);
				PRODUCT_BUNDLE_IDENTIFIER = com.juliana.CodePathFlashcardAppTests;
				PRODUCT_NAME = "$(TARGET_NAME)";
				SWIFT_VERSION = 5.0;
				TARGETED_DEVICE_FAMILY = "1,2";
				TEST_HOST = "$(BUILT_PRODUCTS_DIR)/CodePathFlashcardApp.app/CodePathFlashcardApp";
			};
			name = Debug;
		};
		A1505A9E25E1937700DB4634 /* Release */ = {
			isa = XCBuildConfiguration;
			buildSettings = {
				ALWAYS_EMBED_SWIFT_STANDARD_LIBRARIES = YES;
				BUNDLE_LOADER = "$(TEST_HOST)";
				CODE_SIGN_STYLE = Automatic;
				INFOPLIST_FILE = CodePathFlashcardAppTests/Info.plist;
				IPHONEOS_DEPLOYMENT_TARGET = 14.3;
				LD_RUNPATH_SEARCH_PATHS = (
					"$(inherited)",
					"@executable_path/Frameworks",
					"@loader_path/Frameworks",
				);
				PRODUCT_BUNDLE_IDENTIFIER = com.juliana.CodePathFlashcardAppTests;
				PRODUCT_NAME = "$(TARGET_NAME)";
				SWIFT_VERSION = 5.0;
				TARGETED_DEVICE_FAMILY = "1,2";
				TEST_HOST = "$(BUILT_PRODUCTS_DIR)/CodePathFlashcardApp.app/CodePathFlashcardApp";
			};
			name = Release;
		};
		A1505AA025E1937700DB4634 /* Debug */ = {
			isa = XCBuildConfiguration;
			buildSettings = {
				ALWAYS_EMBED_SWIFT_STANDARD_LIBRARIES = YES;
				CODE_SIGN_STYLE = Automatic;
				INFOPLIST_FILE = CodePathFlashcardAppUITests/Info.plist;
				LD_RUNPATH_SEARCH_PATHS = (
					"$(inherited)",
					"@executable_path/Frameworks",
					"@loader_path/Frameworks",
				);
				PRODUCT_BUNDLE_IDENTIFIER = com.juliana.CodePathFlashcardAppUITests;
				PRODUCT_NAME = "$(TARGET_NAME)";
				SWIFT_VERSION = 5.0;
				TARGETED_DEVICE_FAMILY = "1,2";
				TEST_TARGET_NAME = CodePathFlashcardApp;
			};
			name = Debug;
		};
		A1505AA125E1937700DB4634 /* Release */ = {
			isa = XCBuildConfiguration;
			buildSettings = {
				ALWAYS_EMBED_SWIFT_STANDARD_LIBRARIES = YES;
				CODE_SIGN_STYLE = Automatic;
				INFOPLIST_FILE = CodePathFlashcardAppUITests/Info.plist;
				LD_RUNPATH_SEARCH_PATHS = (
					"$(inherited)",
					"@executable_path/Frameworks",
					"@loader_path/Frameworks",
				);
				PRODUCT_BUNDLE_IDENTIFIER = com.juliana.CodePathFlashcardAppUITests;
				PRODUCT_NAME = "$(TARGET_NAME)";
				SWIFT_VERSION = 5.0;
				TARGETED_DEVICE_FAMILY = "1,2";
				TEST_TARGET_NAME = CodePathFlashcardApp;
			};
			name = Release;
		};
/* End XCBuildConfiguration section */

/* Begin XCConfigurationList section */
		A1505A6A25E1937600DB4634 /* Build configuration list for PBXProject "CodePathFlashcardApp" */ = {
			isa = XCConfigurationList;
			buildConfigurations = (
				A1505A9725E1937700DB4634 /* Debug */,
				A1505A9825E1937700DB4634 /* Release */,
			);
			defaultConfigurationIsVisible = 0;
			defaultConfigurationName = Release;
		};
		A1505A9925E1937700DB4634 /* Build configuration list for PBXNativeTarget "CodePathFlashcardApp" */ = {
			isa = XCConfigurationList;
			buildConfigurations = (
				A1505A9A25E1937700DB4634 /* Debug */,
				A1505A9B25E1937700DB4634 /* Release */,
			);
			defaultConfigurationIsVisible = 0;
			defaultConfigurationName = Release;
		};
		A1505A9C25E1937700DB4634 /* Build configuration list for PBXNativeTarget "CodePathFlashcardAppTests" */ = {
			isa = XCConfigurationList;
			buildConfigurations = (
				A1505A9D25E1937700DB4634 /* Debug */,
				A1505A9E25E1937700DB4634 /* Release */,
			);
			defaultConfigurationIsVisible = 0;
			defaultConfigurationName = Release;
		};
		A1505A9F25E1937700DB4634 /* Build configuration list for PBXNativeTarget "CodePathFlashcardAppUITests" */ = {
			isa = XCConfigurationList;
			buildConfigurations = (
				A1505AA025E1937700DB4634 /* Debug */,
				A1505AA125E1937700DB4634 /* Release */,
			);
			defaultConfigurationIsVisible = 0;
			defaultConfigurationName = Release;
		};
/* End XCConfigurationList section */
	};
	rootObject = A1505A6725E1937600DB4634 /* Project object */;
}
